github.com/gdamore/encoding v0.0.0-20151215212835-b23993cbb635 h1:hheUEMzaOie/wKeIc1WPa7CDVuIO5hqQxjS+dwTQEnI=
github.com/gdamore/encoding v0.0.0-20151215212835-b23993cbb635/go.mod h1:yrQYJKKDTrHmbYxI7CYi+/hbdiDT2m4Hj+t0ikCjsrQ=
github.com/gdamore/tcell v0.0.0-20180924055237-493f3b46b3c2 h1:tjZy+seLHD3Rokr7cZys2Ym+G/ay2IoyFTq+gVLNiDc=
github.com/gdamore/tcell v0.0.0-20180924055237-493f3b46b3c2/go.mod h1:tqyG50u7+Ctv1w5VX67kLzKcj9YXR/JSBZQq/+mLl1A=
github.com/lucasb-eyer/go-colorful v0.0.0-20170903184257-231272389856 h1:r+WvXmgROttp7pckv7TPN7OCUEPXmvhRklOOsL2iPPc=
github.com/lucasb-eyer/go-colorful v0.0.0-20170903184257-231272389856/go.mod h1:NXg0ArsFk0Y01623LgUqoqcouGDB+PwCCQlrwrG6xJ4=
github.com/mattn/go-isatty v0.0.3 h1:ns/ykhmWi7G9O+8a448SecJU3nSMBXJfqQkl0upE1jI=
github.com/mattn/go-isatty v0.0.3/go.mod h1:M+lRXTBqGeGNdLjl/ufCoiOlB5xdOkqRJdNxMWT7Zi4=
github.com/mattn/go-runewidth v0.0.2 h1:UnlwIPBGaTZfPQ6T1IGzPI0EkYAQmT9fAEJ/poFC63o=
github.com/mattn/go-runewidth v0.0.2/go.mod h1:LwmH8dsx7+W8Uxz3IHJYH5QSwggIsqBzpuz5H//U1FU=
golang.org/x/text v0.0.0-20171214130843-f21a4dfb5e38 h1:yr7ItWHARpqySNZjEh5mPMHrw3xPR9tMnomFZVcO1mQ=
golang.org/x/text v0.0.0-20171214130843-f21a4dfb5e38/go.mod h1:NqM8EUOU14njkJ3fqMW+pc6Ldnwhi/IjpwHt7yyuwOQ=
